// !$*UTF8*$!
{
	archiveVersion = 1;
	classes = {
	};
	objectVersion = 50;
	objects = {

/* Begin PBXBuildFile section */
		F7A8B33C21043AF3008C019A /* AppDelegate.swift in Sources */ = {isa = PBXBuildFile; fileRef = F7A8B33B21043AF3008C019A /* AppDelegate.swift */; };
		F7A8B33E21043AF3008C019A /* FirstViewController.swift in Sources */ = {isa = PBXBuildFile; fileRef = F7A8B33D21043AF3008C019A /* FirstViewController.swift */; };
		F7A8B34021043AF3008C019A /* SecondViewController.swift in Sources */ = {isa = PBXBuildFile; fileRef = F7A8B33F21043AF3008C019A /* SecondViewController.swift */; };
		F7A8B34321043AF3008C019A /* Main.storyboard in Resources */ = {isa = PBXBuildFile; fileRef = F7A8B34121043AF3008C019A /* Main.storyboard */; };
		F7A8B34821043AF4008C019A /* LaunchScreen.storyboard in Resources */ = {isa = PBXBuildFile; fileRef = F7A8B34621043AF4008C019A /* LaunchScreen.storyboard */; };
		F7A8B35021043DE9008C019A /* Assets.xcassets in Resources */ = {isa = PBXBuildFile; fileRef = F7A8B34F21043DE9008C019A /* Assets.xcassets */; };
		F7A8B354210441DC008C019A /* ViewController.swift in Sources */ = {isa = PBXBuildFile; fileRef = F7A8B353210441DC008C019A /* ViewController.swift */; };
/* End PBXBuildFile section */

/* Begin PBXFileReference section */
		F7A8B33821043AF2008C019A /* orderSummary.app */ = {isa = PBXFileReference; explicitFileType = wrapper.application; includeInIndex = 0; path = orderSummary.app; sourceTree = BUILT_PRODUCTS_DIR; };
		F7A8B33B21043AF3008C019A /* AppDelegate.swift */ = {isa = PBXFileReference; lastKnownFileType = sourcecode.swift; path = AppDelegate.swift; sourceTree = "<group>"; };
		F7A8B33D21043AF3008C019A /* FirstViewController.swift */ = {isa = PBXFileReference; lastKnownFileType = sourcecode.swift; path = FirstViewController.swift; sourceTree = "<group>"; };
		F7A8B33F21043AF3008C019A /* SecondViewController.swift */ = {isa = PBXFileReference; lastKnownFileType = sourcecode.swift; path = SecondViewController.swift; sourceTree = "<group>"; };
		F7A8B34221043AF3008C019A /* Base */ = {isa = PBXFileReference; lastKnownFileType = file.storyboard; name = Base; path = Base.lproj/Main.storyboard; sourceTree = "<group>"; };
		F7A8B34721043AF4008C019A /* Base */ = {isa = PBXFileReference; lastKnownFileType = file.storyboard; name = Base; path = Base.lproj/LaunchScreen.storyboard; sourceTree = "<group>"; };
		F7A8B34921043AF4008C019A /* Info.plist */ = {isa = PBXFileReference; lastKnownFileType = text.plist.xml; path = Info.plist; sourceTree = "<group>"; };
		F7A8B34F21043DE9008C019A /* Assets.xcassets */ = {isa = PBXFileReference; lastKnownFileType = folder.assetcatalog; path = Assets.xcassets; sourceTree = "<group>"; };
		F7A8B353210441DC008C019A /* ViewController.swift */ = {isa = PBXFileReference; lastKnownFileType = sourcecode.swift; path = ViewController.swift; sourceTree = "<group>"; };
/* End PBXFileReference section */

/* Begin PBXFrameworksBuildPhase section */
		F7A8B33521043AF2008C019A /* Frameworks */ = {
			isa = PBXFrameworksBuildPhase;
			buildActionMask = 2147483647;
			files = (
			);
			runOnlyForDeploymentPostprocessing = 0;
		};
/* End PBXFrameworksBuildPhase section */

/* Begin PBXGroup section */
		F7A8B32F21043AF2008C019A = {
			isa = PBXGroup;
			children = (
				F7A8B33A21043AF2008C019A /* orderSummary */,
				F7A8B33921043AF2008C019A /* Products */,
			);
			sourceTree = "<group>";
		};
		F7A8B33921043AF2008C019A /* Products */ = {
			isa = PBXGroup;
			children = (
				F7A8B33821043AF2008C019A /* orderSummary.app */,
			);
			name = Products;
			sourceTree = "<group>";
		};
		F7A8B33A21043AF2008C019A /* orderSummary */ = {
			isa = PBXGroup;
			children = (
				F7A8B352210441B3008C019A /* Model */,
				F7A8B3512104418C008C019A /* Controller */,
				F7A8B33B21043AF3008C019A /* AppDelegate.swift */,
				F7A8B34121043AF3008C019A /* Main.storyboard */,
				F7A8B34621043AF4008C019A /* LaunchScreen.storyboard */,
				F7A8B34921043AF4008C019A /* Info.plist */,
				F7A8B34F21043DE9008C019A /* Assets.xcassets */,
			);
			path = orderSummary;
			sourceTree = "<group>";
		};
		F7A8B3512104418C008C019A /* Controller */ = {
			isa = PBXGroup;
			children = (
				F7A8B33D21043AF3008C019A /* FirstViewController.swift */,
				F7A8B33F21043AF3008C019A /* SecondViewController.swift */,
				F7A8B353210441DC008C019A /* ViewController.swift */,
			);
			path = Controller;
			sourceTree = "<group>";
		};
		F7A8B352210441B3008C019A /* Model */ = {
			isa = PBXGroup;
			children = (
			);
			path = Model;
			sourceTree = "<group>";
		};
/* End PBXGroup section */

/* Begin PBXNativeTarget section */
		F7A8B33721043AF2008C019A /* orderSummary */ = {
			isa = PBXNativeTarget;
			buildConfigurationList = F7A8B34C21043AF4008C019A /* Build configuration list for PBXNativeTarget "orderSummary" */;
			buildPhases = (
				F7A8B33421043AF2008C019A /* Sources */,
				F7A8B33521043AF2008C019A /* Frameworks */,
				F7A8B33621043AF2008C019A /* Resources */,
			);
			buildRules = (
			);
			dependencies = (
			);
			name = orderSummary;
			productName = orderSummary;
			productReference = F7A8B33821043AF2008C019A /* orderSummary.app */;
			productType = "com.apple.product-type.application";
		};
/* End PBXNativeTarget section */

/* Begin PBXProject section */
		F7A8B33021043AF2008C019A /* Project object */ = {
			isa = PBXProject;
			attributes = {
				LastSwiftUpdateCheck = 0940;
				LastUpgradeCheck = 0940;
				ORGANIZATIONNAME = AXL;
				TargetAttributes = {
					F7A8B33721043AF2008C019A = {
						CreatedOnToolsVersion = 9.4.1;
					};
				};
			};
			buildConfigurationList = F7A8B33321043AF2008C019A /* Build configuration list for PBXProject "orderSummary" */;
			compatibilityVersion = "Xcode 9.3";
			developmentRegion = en;
			hasScannedForEncodings = 0;
			knownRegions = (
				en,
				Base,
			);
			mainGroup = F7A8B32F21043AF2008C019A;
			productRefGroup = F7A8B33921043AF2008C019A /* Products */;
			projectDirPath = "";
			projectRoot = "";
			targets = (
				F7A8B33721043AF2008C019A /* orderSummary */,
			);
		};
/* End PBXProject section */

/* Begin PBXResourcesBuildPhase section */
		F7A8B33621043AF2008C019A /* Resources */ = {
			isa = PBXResourcesBuildPhase;
			buildActionMask = 2147483647;
			files = (
				F7A8B34821043AF4008C019A /* LaunchScreen.storyboard in Resources */,
				F7A8B35021043DE9008C019A /* Assets.xcassets in Resources */,
				F7A8B34321043AF3008C019A /* Main.storyboard in Resources */,
			);
			runOnlyForDeploymentPostprocessing = 0;
		};
/* End PBXResourcesBuildPhase section */

/* Begin PBXSourcesBuildPhase section */
		F7A8B33421043AF2008C019A /* Sources */ = {
			isa = PBXSourcesBuildPhase;
			buildActionMask = 2147483647;
			files = (
				F7A8B34021043AF3008C019A /* SecondViewController.swift in Sources */,
				F7A8B33C21043AF3008C019A /* AppDelegate.swift in Sources */,
				F7A8B354210441DC008C019A /* ViewController.swift in Sources */,
				F7A8B33E21043AF3008C019A /* FirstViewController.swift in Sources */,
			);
			runOnlyForDeploymentPostprocessing = 0;
		};
/* End PBXSourcesBuildPhase section */

/* Begin PBXVariantGroup section */
		F7A8B34121043AF3008C019A /* Main.storyboard */ = {
			isa = PBXVariantGroup;
			children = (
				F7A8B34221043AF3008C019A /* Base */,
			);
			name = Main.storyboard;
			sourceTree = "<group>";
		};
		F7A8B34621043AF4008C019A /* LaunchScreen.storyboard */ = {
			isa = PBXVariantGroup;
			children = (
				F7A8B34721043AF4008C019A /* Base */,
			);
			name = LaunchScreen.storyboard;
			sourceTree = "<group>";
		};
/* End PBXVariantGroup section */

/* Begin XCBuildConfiguration section */
		F7A8B34A21043AF4008C019A /* Debug */ = {
			isa = XCBuildConfiguration;
			buildSettings = {
				ALWAYS_SEARCH_USER_PATHS = NO;
				CLANG_ANALYZER_NONNULL = YES;
				CLANG_ANALYZER_NUMBER_OBJECT_CONVERSION = YES_AGGRESSIVE;
				CLANG_CXX_LANGUAGE_STANDARD = "gnu++14";
				CLANG_CXX_LIBRARY = "libc++";
				CLANG_ENABLE_MODULES = YES;
				CLANG_ENABLE_OBJC_ARC = YES;
				CLANG_ENABLE_OBJC_WEAK = YES;
				CLANG_WARN_BLOCK_CAPTURE_AUTORELEASING = YES;
				CLANG_WARN_BOOL_CONVERSION = YES;
				CLANG_WARN_COMMA = YES;
				CLANG_WARN_CONSTANT_CONVERSION = YES;
				CLANG_WARN_DEPRECATED_OBJC_IMPLEMENTATIONS = YES;
				CLANG_WARN_DIRECT_OBJC_ISA_USAGE = YES_ERROR;
				CLANG_WARN_DOCUMENTATION_COMMENTS = YES;
				CLANG_WARN_EMPTY_BODY = YES;
				CLANG_WARN_ENUM_CONVERSION = YES;
				CLANG_WARN_INFINITE_RECURSION = YES;
				CLANG_WARN_INT_CONVERSION = YES;
				CLANG_WARN_NON_LITERAL_NULL_CONVERSION = YES;
				CLANG_WARN_OBJC_IMPLICIT_RETAIN_SELF = YES;
				CLANG_WARN_OBJC_LITERAL_CONVERSION = YES;
				CLANG_WARN_OBJC_ROOT_CLASS = YES_ERROR;
				CLANG_WARN_RANGE_LOOP_ANALYSIS = YES;
				CLANG_WARN_STRICT_PROTOTYPES = YES;
				CLANG_WARN_SUSPICIOUS_MOVE = YES;
				CLANG_WARN_UNGUARDED_AVAILABILITY = YES_AGGRESSIVE;
				CLANG_WARN_UNREACHABLE_CODE = YES;
				CLANG_WARN__DUPLICATE_METHOD_MATCH = YES;
				CODE_SIGN_IDENTITY = "iPhone Developer";
				COPY_PHASE_STRIP = NO;
				DEBUG_INFORMATION_FORMAT = dwarf;
				ENABLE_STRICT_OBJC_MSGSEND = YES;
				ENABLE_TESTABILITY = YES;
				GCC_C_LANGUAGE_STANDARD = gnu11;
				GCC_DYNAMIC_NO_PIC = NO;
				GCC_NO_COMMON_BLOCKS = YES;
				GCC_OPTIMIZATION_LEVEL = 0;
				GCC_PREPROCESSOR_DEFINITIONS = (
					"DEBUG=1",
					"$(inherited)",
				);
				GCC_WARN_64_TO_32_BIT_CONVERSION = YES;
				GCC_WARN_ABOUT_RETURN_TYPE = YES_ERROR;
				GCC_WARN_UNDECLARED_SELECTOR = YES;
				GCC_WARN_UNINITIALIZED_AUTOS = YES_AGGRESSIVE;
				GCC_WARN_UNUSED_FUNCTION = YES;
				GCC_WARN_UNUSED_VARIABLE = YES;
				IPHONEOS_DEPLOYMENT_TARGET = 11.4;
				MTL_ENABLE_DEBUG_INFO = YES;
				ONLY_ACTIVE_ARCH = YES;
				SDKROOT = iphoneos;
				SWIFT_ACTIVE_COMPILATION_CONDITIONS = DEBUG;
				SWIFT_OPTIMIZATION_LEVEL = "-Onone";
			};
			name = Debug;
		};
		F7A8B34B21043AF4008C019A /* Release */ = {
			isa = XCBuildConfiguration;
			buildSettings = {
				ALWAYS_SEARCH_USER_PATHS = NO;
				CLANG_ANALYZER_NONNULL = YES;
				CLANG_ANALYZER_NUMBER_OBJECT_CONVERSION = YES_AGGRESSIVE;
				CLANG_CXX_LANGUAGE_STANDARD = "gnu++14";
				CLANG_CXX_LIBRARY = "libc++";
				CLANG_ENABLE_MODULES = YES;
				CLANG_ENABLE_OBJC_ARC = YES;
				CLANG_ENABLE_OBJC_WEAK = YES;
				CLANG_WARN_BLOCK_CAPTURE_AUTORELEASING = YES;
				CLANG_WARN_BOOL_CONVERSION = YES;
				CLANG_WARN_COMMA = YES;
				CLANG_WARN_CONSTANT_CONVERSION = YES;
				CLANG_WARN_DEPRECATED_OBJC_IMPLEMENTATIONS = YES;
				CLANG_WARN_DIRECT_OBJC_ISA_USAGE = YES_ERROR;
				CLANG_WARN_DOCUMENTATION_COMMENTS = YES;
				CLANG_WARN_EMPTY_BODY = YES;
				CLANG_WARN_ENUM_CONVERSION = YES;
				CLANG_WARN_INFINITE_RECURSION = YES;
				CLANG_WARN_INT_CONVERSION = YES;
				CLANG_WARN_NON_LITERAL_NULL_CONVERSION = YES;
				CLANG_WARN_OBJC_IMPLICIT_RETAIN_SELF = YES;
				CLANG_WARN_OBJC_LITERAL_CONVERSION = YES;
				CLANG_WARN_OBJC_ROOT_CLASS = YES_ERROR;
				CLANG_WARN_RANGE_LOOP_ANALYSIS = YES;
				CLANG_WARN_STRICT_PROTOTYPES = YES;
				CLANG_WARN_SUSPICIOUS_MOVE = YES;
				CLANG_WARN_UNGUARDED_AVAILABILITY = YES_AGGRESSIVE;
				CLANG_WARN_UNREACHABLE_CODE = YES;
				CLANG_WARN__DUPLICATE_METHOD_MATCH = YES;
				CODE_SIGN_IDENTITY = "iPhone Developer";
				COPY_PHASE_STRIP = NO;
				DEBUG_INFORMATION_FORMAT = "dwarf-with-dsym";
				ENABLE_NS_ASSERTIONS = NO;
				ENABLE_STRICT_OBJC_MSGSEND = YES;
				GCC_C_LANGUAGE_STANDARD = gnu11;
				GCC_NO_COMMON_BLOCKS = YES;
				GCC_WARN_64_TO_32_BIT_CONVERSION = YES;
				GCC_WARN_ABOUT_RETURN_TYPE = YES_ERROR;
				GCC_WARN_UNDECLARED_SELECTOR = YES;
				GCC_WARN_UNINITIALIZED_AUTOS = YES_AGGRESSIVE;
				GCC_WARN_UNUSED_FUNCTION = YES;
				GCC_WARN_UNUSED_VARIABLE = YES;
				IPHONEOS_DEPLOYMENT_TARGET = 11.4;
				MTL_ENABLE_DEBUG_INFO = NO;
				SDKROOT = iphoneos;
				SWIFT_COMPILATION_MODE = wholemodule;
				SWIFT_OPTIMIZATION_LEVEL = "-O";
				VALIDATE_PRODUCT = YES;
			};
			name = Release;
		};
		F7A8B34D21043AF4008C019A /* Debug */ = {
			isa = XCBuildConfiguration;
			buildSettings = {
				ASSETCATALOG_COMPILER_APPICON_NAME = AppIcon;
				CODE_SIGN_STYLE = Automatic;
				DEVELOPMENT_TEAM = HR665SDM86;
				INFOPLIST_FILE = orderSummary/Info.plist;
				LD_RUNPATH_SEARCH_PATHS = (
					"$(inherited)",
					"@executable_path/Frameworks",
				);
				PRODUCT_BUNDLE_IDENTIFIER = XinruiLu.orderSummary;
				PRODUCT_NAME = "$(TARGET_NAME)";
				SWIFT_VERSION = 4.0;
				TARGETED_DEVICE_FAMILY = "1,2";
			};
			name = Debug;
		};
		F7A8B34E21043AF4008C019A /* Release */ = {
			isa = XCBuildConfiguration;
			buildSettings = {
				ASSETCATALOG_COMPILER_APPICON_NAME = AppIcon;
				CODE_SIGN_STYLE = Automatic;
				DEVELOPMENT_TEAM = HR665SDM86;
				INFOPLIST_FILE = orderSummary/Info.plist;
				LD_RUNPATH_SEARCH_PATHS = (
					"$(inherited)",
					"@executable_path/Frameworks",
				);
				PRODUCT_BUNDLE_IDENTIFIER = XinruiLu.orderSummary;
				PRODUCT_NAME = "$(TARGET_NAME)";
				SWIFT_VERSION = 4.0;
				TARGETED_DEVICE_FAMILY = "1,2";
			};
			name = Release;
		};
/* End XCBuildConfiguration section */

/* Begin XCConfigurationList section */
		F7A8B33321043AF2008C019A /* Build configuration list for PBXProject "orderSummary" */ = {
			isa = XCConfigurationList;
			buildConfigurations = (
				F7A8B34A21043AF4008C019A /* Debug */,
				F7A8B34B21043AF4008C019A /* Release */,
			);
			defaultConfigurationIsVisible = 0;
			defaultConfigurationName = Release;
		};
		F7A8B34C21043AF4008C019A /* Build configuration list for PBXNativeTarget "orderSummary" */ = {
			isa = XCConfigurationList;
			buildConfigurations = (
				F7A8B34D21043AF4008C019A /* Debug */,
				F7A8B34E21043AF4008C019A /* Release */,
			);
			defaultConfigurationIsVisible = 0;
			defaultConfigurationName = Release;
		};
/* End XCConfigurationList section */
	};
	rootObject = F7A8B33021043AF2008C019A /* Project object */;
}
